
Microsoft Visual Studio Solution File, Format Version 12.00
# Visual Studio Version 16
VisualStudioVersion = 16.0.33423.256
MinimumVisualStudioVersion = 10.0.40219.1
Project("{FAE04EC0-301F-11D3-BF4B-00C04F79EFBC}") = "FinalPOO", "FinalPOO.csproj", "{C72E6247-18C0-4AB0-AAF8-6748A1507A1F}"
EndProject
Global
	GlobalSection(SolutionConfigurationPlatforms) = preSolution
		Debug|Any CPU = Debug|Any CPU
		Release|Any CPU = Release|Any CPU
	EndGlobalSection
	GlobalSection(ProjectConfigurationPlatforms) = postSolution
		{C72E6247-18C0-4AB0-AAF8-6748A1507A1F}.Debug|Any CPU.ActiveCfg = Debug|Any CPU
		{C72E6247-18C0-4AB0-AAF8-6748A1507A1F}.Debug|Any CPU.Build.0 = Debug|Any CPU
		{C72E6247-18C0-4AB0-AAF8-6748A1507A1F}.Release|Any CPU.ActiveCfg = Release|Any CPU
		{C72E6247-18C0-4AB0-AAF8-6748A1507A1F}.Release|Any CPU.Build.0 = Release|Any CPU
	EndGlobalSection
	GlobalSection(SolutionProperties) = preSolution
		HideSolutionNode = FALSE
	EndGlobalSection
	GlobalSection(ExtensibilityGlobals) = postSolution
		SolutionGuid = {21718463-5685-4FF2-B52E-DA2753FB181E}
	EndGlobalSection
EndGlobal
